
Microsoft Visual Studio Solution File, Format Version 12.00
# Visual Studio Version 17
VisualStudioVersion = 17.11.35208.52
MinimumVisualStudioVersion = 10.0.40219.1
Project("{FAE04EC0-301F-11D3-BF4B-00C04F79EFBC}") = "PracticaLSP", "PracticaLSP\PracticaLSP.csproj", "{7097F73E-E7E0-4F4D-A3E2-B2DB210C11E1}"
EndProject
Global
	GlobalSection(SolutionConfigurationPlatforms) = preSolution
		Debug|Any CPU = Debug|Any CPU
		Release|Any CPU = Release|Any CPU
	EndGlobalSection
	GlobalSection(ProjectConfigurationPlatforms) = postSolution
		{7097F73E-E7E0-4F4D-A3E2-B2DB210C11E1}.Debug|Any CPU.ActiveCfg = Debug|Any CPU
		{7097F73E-E7E0-4F4D-A3E2-B2DB210C11E1}.Debug|Any CPU.Build.0 = Debug|Any CPU
		{7097F73E-E7E0-4F4D-A3E2-B2DB210C11E1}.Release|Any CPU.ActiveCfg = Release|Any CPU
		{7097F73E-E7E0-4F4D-A3E2-B2DB210C11E1}.Release|Any CPU.Build.0 = Release|Any CPU
	EndGlobalSection
	GlobalSection(SolutionProperties) = preSolution
		HideSolutionNode = FALSE
	EndGlobalSection
	GlobalSection(ExtensibilityGlobals) = postSolution
		SolutionGuid = {2B292013-85D9-4F5C-A1A1-A63360A6B4E7}
	EndGlobalSection
EndGlobal
